// !$*UTF8*$!
{
	archiveVersion = 1;
	classes = {
	};
	objectVersion = 48;
	objects = {

/* Begin PBXBuildFile section */
		C46171291FBC51FF002762BE /* AppDelegate.swift in Sources */ = {isa = PBXBuildFile; fileRef = C46171281FBC51FF002762BE /* AppDelegate.swift */; };
		C461712B1FBC51FF002762BE /* ViewController.swift in Sources */ = {isa = PBXBuildFile; fileRef = C461712A1FBC51FF002762BE /* ViewController.swift */; };
		C461712D1FBC51FF002762BE /* Assets.xcassets in Resources */ = {isa = PBXBuildFile; fileRef = C461712C1FBC51FF002762BE /* Assets.xcassets */; };
		C46171301FBC51FF002762BE /* Main.storyboard in Resources */ = {isa = PBXBuildFile; fileRef = C461712E1FBC51FF002762BE /* Main.storyboard */; };
		C461713C1FBC51FF002762BE /* Xcode8GitExampleTests.swift in Sources */ = {isa = PBXBuildFile; fileRef = C461713B1FBC51FF002762BE /* Xcode8GitExampleTests.swift */; };
		C46171471FBC51FF002762BE /* Xcode8GitExampleUITests.swift in Sources */ = {isa = PBXBuildFile; fileRef = C46171461FBC51FF002762BE /* Xcode8GitExampleUITests.swift */; };
/* End PBXBuildFile section */

/* Begin PBXContainerItemProxy section */
		C46171381FBC51FF002762BE /* PBXContainerItemProxy */ = {
			isa = PBXContainerItemProxy;
			containerPortal = C461711D1FBC51FF002762BE /* Project object */;
			proxyType = 1;
			remoteGlobalIDString = C46171241FBC51FF002762BE;
			remoteInfo = Xcode8GitExample;
		};
		C46171431FBC51FF002762BE /* PBXContainerItemProxy */ = {
			isa = PBXContainerItemProxy;
			containerPortal = C461711D1FBC51FF002762BE /* Project object */;
			proxyType = 1;
			remoteGlobalIDString = C46171241FBC51FF002762BE;
			remoteInfo = Xcode8GitExample;
		};
/* End PBXContainerItemProxy section */

/* Begin PBXFileReference section */
		C46171251FBC51FF002762BE /* Xcode8GitExample.app */ = {isa = PBXFileReference; explicitFileType = wrapper.application; includeInIndex = 0; path = Xcode8GitExample.app; sourceTree = BUILT_PRODUCTS_DIR; };
		C46171281FBC51FF002762BE /* AppDelegate.swift */ = {isa = PBXFileReference; lastKnownFileType = sourcecode.swift; path = AppDelegate.swift; sourceTree = "<group>"; };
		C461712A1FBC51FF002762BE /* ViewController.swift */ = {isa = PBXFileReference; lastKnownFileType = sourcecode.swift; path = ViewController.swift; sourceTree = "<group>"; };
		C461712C1FBC51FF002762BE /* Assets.xcassets */ = {isa = PBXFileReference; lastKnownFileType = folder.assetcatalog; path = Assets.xcassets; sourceTree = "<group>"; };
		C461712F1FBC51FF002762BE /* Base */ = {isa = PBXFileReference; lastKnownFileType = file.storyboard; name = Base; path = Base.lproj/Main.storyboard; sourceTree = "<group>"; };
		C46171311FBC51FF002762BE /* Info.plist */ = {isa = PBXFileReference; lastKnownFileType = text.plist.xml; path = Info.plist; sourceTree = "<group>"; };
		C46171321FBC51FF002762BE /* Xcode8GitExample.entitlements */ = {isa = PBXFileReference; lastKnownFileType = text.plist.entitlements; path = Xcode8GitExample.entitlements; sourceTree = "<group>"; };
		C46171371FBC51FF002762BE /* Xcode8GitExampleTests.xctest */ = {isa = PBXFileReference; explicitFileType = wrapper.cfbundle; includeInIndex = 0; path = Xcode8GitExampleTests.xctest; sourceTree = BUILT_PRODUCTS_DIR; };
		C461713B1FBC51FF002762BE /* Xcode8GitExampleTests.swift */ = {isa = PBXFileReference; lastKnownFileType = sourcecode.swift; path = Xcode8GitExampleTests.swift; sourceTree = "<group>"; };
		C461713D1FBC51FF002762BE /* Info.plist */ = {isa = PBXFileReference; lastKnownFileType = text.plist.xml; path = Info.plist; sourceTree = "<group>"; };
		C46171421FBC51FF002762BE /* Xcode8GitExampleUITests.xctest */ = {isa = PBXFileReference; explicitFileType = wrapper.cfbundle; includeInIndex = 0; path = Xcode8GitExampleUITests.xctest; sourceTree = BUILT_PRODUCTS_DIR; };
		C46171461FBC51FF002762BE /* Xcode8GitExampleUITests.swift */ = {isa = PBXFileReference; lastKnownFileType = sourcecode.swift; path = Xcode8GitExampleUITests.swift; sourceTree = "<group>"; };
		C46171481FBC51FF002762BE /* Info.plist */ = {isa = PBXFileReference; lastKnownFileType = text.plist.xml; path = Info.plist; sourceTree = "<group>"; };
/* End PBXFileReference section */

/* Begin PBXFrameworksBuildPhase section */
		C46171221FBC51FF002762BE /* Frameworks */ = {
			isa = PBXFrameworksBuildPhase;
			buildActionMask = 2147483647;
			files = (
			);
			runOnlyForDeploymentPostprocessing = 0;
		};
		C46171341FBC51FF002762BE /* Frameworks */ = {
			isa = PBXFrameworksBuildPhase;
			buildActionMask = 2147483647;
			files = (
			);
			runOnlyForDeploymentPostprocessing = 0;
		};
		C461713F1FBC51FF002762BE /* Frameworks */ = {
			isa = PBXFrameworksBuildPhase;
			buildActionMask = 2147483647;
			files = (
			);
			runOnlyForDeploymentPostprocessing = 0;
		};
/* End PBXFrameworksBuildPhase section */

/* Begin PBXGroup section */
		C461711C1FBC51FF002762BE = {
			isa = PBXGroup;
			children = (
				C46171271FBC51FF002762BE /* Xcode8GitExample */,
				C461713A1FBC51FF002762BE /* Xcode8GitExampleTests */,
				C46171451FBC51FF002762BE /* Xcode8GitExampleUITests */,
				C46171261FBC51FF002762BE /* Products */,
			);
			sourceTree = "<group>";
		};
		C46171261FBC51FF002762BE /* Products */ = {
			isa = PBXGroup;
			children = (
				C46171251FBC51FF002762BE /* Xcode8GitExample.app */,
				C46171371FBC51FF002762BE /* Xcode8GitExampleTests.xctest */,
				C46171421FBC51FF002762BE /* Xcode8GitExampleUITests.xctest */,
			);
			name = Products;
			sourceTree = "<group>";
		};
		C46171271FBC51FF002762BE /* Xcode8GitExample */ = {
			isa = PBXGroup;
			children = (
				C46171281FBC51FF002762BE /* AppDelegate.swift */,
				C461712A1FBC51FF002762BE /* ViewController.swift */,
				C461712C1FBC51FF002762BE /* Assets.xcassets */,
				C461712E1FBC51FF002762BE /* Main.storyboard */,
				C46171311FBC51FF002762BE /* Info.plist */,
				C46171321FBC51FF002762BE /* Xcode8GitExample.entitlements */,
			);
			path = Xcode8GitExample;
			sourceTree = "<group>";
		};
		C461713A1FBC51FF002762BE /* Xcode8GitExampleTests */ = {
			isa = PBXGroup;
			children = (
				C461713B1FBC51FF002762BE /* Xcode8GitExampleTests.swift */,
				C461713D1FBC51FF002762BE /* Info.plist */,
			);
			path = Xcode8GitExampleTests;
			sourceTree = "<group>";
		};
		C46171451FBC51FF002762BE /* Xcode8GitExampleUITests */ = {
			isa = PBXGroup;
			children = (
				C46171461FBC51FF002762BE /* Xcode8GitExampleUITests.swift */,
				C46171481FBC51FF002762BE /* Info.plist */,
			);
			path = Xcode8GitExampleUITests;
			sourceTree = "<group>";
		};
/* End PBXGroup section */

/* Begin PBXNativeTarget section */
		C46171241FBC51FF002762BE /* Xcode8GitExample */ = {
			isa = PBXNativeTarget;
			buildConfigurationList = C461714B1FBC51FF002762BE /* Build configuration list for PBXNativeTarget "Xcode8GitExample" */;
			buildPhases = (
				C46171211FBC51FF002762BE /* Sources */,
				C46171221FBC51FF002762BE /* Frameworks */,
				C46171231FBC51FF002762BE /* Resources */,
			);
			buildRules = (
			);
			dependencies = (
			);
			name = Xcode8GitExample;
			productName = Xcode8GitExample;
			productReference = C46171251FBC51FF002762BE /* Xcode8GitExample.app */;
			productType = "com.apple.product-type.application";
		};
		C46171361FBC51FF002762BE /* Xcode8GitExampleTests */ = {
			isa = PBXNativeTarget;
			buildConfigurationList = C461714E1FBC51FF002762BE /* Build configuration list for PBXNativeTarget "Xcode8GitExampleTests" */;
			buildPhases = (
				C46171331FBC51FF002762BE /* Sources */,
				C46171341FBC51FF002762BE /* Frameworks */,
				C46171351FBC51FF002762BE /* Resources */,
			);
			buildRules = (
			);
			dependencies = (
				C46171391FBC51FF002762BE /* PBXTargetDependency */,
			);
			name = Xcode8GitExampleTests;
			productName = Xcode8GitExampleTests;
			productReference = C46171371FBC51FF002762BE /* Xcode8GitExampleTests.xctest */;
			productType = "com.apple.product-type.bundle.unit-test";
		};
		C46171411FBC51FF002762BE /* Xcode8GitExampleUITests */ = {
			isa = PBXNativeTarget;
			buildConfigurationList = C46171511FBC51FF002762BE /* Build configuration list for PBXNativeTarget "Xcode8GitExampleUITests" */;
			buildPhases = (
				C461713E1FBC51FF002762BE /* Sources */,
				C461713F1FBC51FF002762BE /* Frameworks */,
				C46171401FBC51FF002762BE /* Resources */,
			);
			buildRules = (
			);
			dependencies = (
				C46171441FBC51FF002762BE /* PBXTargetDependency */,
			);
			name = Xcode8GitExampleUITests;
			productName = Xcode8GitExampleUITests;
			productReference = C46171421FBC51FF002762BE /* Xcode8GitExampleUITests.xctest */;
			productType = "com.apple.product-type.bundle.ui-testing";
		};
/* End PBXNativeTarget section */

/* Begin PBXProject section */
		C461711D1FBC51FF002762BE /* Project object */ = {
			isa = PBXProject;
			attributes = {
				LastSwiftUpdateCheck = 0910;
				LastUpgradeCheck = 0910;
				ORGANIZATIONNAME = "Santucci Davide";
				TargetAttributes = {
					C46171241FBC51FF002762BE = {
						CreatedOnToolsVersion = 9.1;
						ProvisioningStyle = Automatic;
					};
					C46171361FBC51FF002762BE = {
						CreatedOnToolsVersion = 9.1;
						ProvisioningStyle = Automatic;
						TestTargetID = C46171241FBC51FF002762BE;
					};
					C46171411FBC51FF002762BE = {
						CreatedOnToolsVersion = 9.1;
						ProvisioningStyle = Automatic;
						TestTargetID = C46171241FBC51FF002762BE;
					};
				};
			};
			buildConfigurationList = C46171201FBC51FF002762BE /* Build configuration list for PBXProject "Xcode8GitExample" */;
			compatibilityVersion = "Xcode 8.0";
			developmentRegion = en;
			hasScannedForEncodings = 0;
			knownRegions = (
				en,
				Base,
			);
			mainGroup = C461711C1FBC51FF002762BE;
			productRefGroup = C46171261FBC51FF002762BE /* Products */;
			projectDirPath = "";
			projectRoot = "";
			targets = (
				C46171241FBC51FF002762BE /* Xcode8GitExample */,
				C46171361FBC51FF002762BE /* Xcode8GitExampleTests */,
				C46171411FBC51FF002762BE /* Xcode8GitExampleUITests */,
			);
		};
/* End PBXProject section */

/* Begin PBXResourcesBuildPhase section */
		C46171231FBC51FF002762BE /* Resources */ = {
			isa = PBXResourcesBuildPhase;
			buildActionMask = 2147483647;
			files = (
				C461712D1FBC51FF002762BE /* Assets.xcassets in Resources */,
				C46171301FBC51FF002762BE /* Main.storyboard in Resources */,
			);
			runOnlyForDeploymentPostprocessing = 0;
		};
		C46171351FBC51FF002762BE /* Resources */ = {
			isa = PBXResourcesBuildPhase;
			buildActionMask = 2147483647;
			files = (
			);
			runOnlyForDeploymentPostprocessing = 0;
		};
		C46171401FBC51FF002762BE /* Resources */ = {
			isa = PBXResourcesBuildPhase;
			buildActionMask = 2147483647;
			files = (
			);
			runOnlyForDeploymentPostprocessing = 0;
		};
/* End PBXResourcesBuildPhase section */

/* Begin PBXSourcesBuildPhase section */
		C46171211FBC51FF002762BE /* Sources */ = {
			isa = PBXSourcesBuildPhase;
			buildActionMask = 2147483647;
			files = (
				C461712B1FBC51FF002762BE /* ViewController.swift in Sources */,
				C46171291FBC51FF002762BE /* AppDelegate.swift in Sources */,
			);
			runOnlyForDeploymentPostprocessing = 0;
		};
		C46171331FBC51FF002762BE /* Sources */ = {
			isa = PBXSourcesBuildPhase;
			buildActionMask = 2147483647;
			files = (
				C461713C1FBC51FF002762BE /* Xcode8GitExampleTests.swift in Sources */,
			);
			runOnlyForDeploymentPostprocessing = 0;
		};
		C461713E1FBC51FF002762BE /* Sources */ = {
			isa = PBXSourcesBuildPhase;
			buildActionMask = 2147483647;
			files = (
				C46171471FBC51FF002762BE /* Xcode8GitExampleUITests.swift in Sources */,
			);
			runOnlyForDeploymentPostprocessing = 0;
		};
/* End PBXSourcesBuildPhase section */

/* Begin PBXTargetDependency section */
		C46171391FBC51FF002762BE /* PBXTargetDependency */ = {
			isa = PBXTargetDependency;
			target = C46171241FBC51FF002762BE /* Xcode8GitExample */;
			targetProxy = C46171381FBC51FF002762BE /* PBXContainerItemProxy */;
		};
		C46171441FBC51FF002762BE /* PBXTargetDependency */ = {
			isa = PBXTargetDependency;
			target = C46171241FBC51FF002762BE /* Xcode8GitExample */;
			targetProxy = C46171431FBC51FF002762BE /* PBXContainerItemProxy */;
		};
/* End PBXTargetDependency section */

/* Begin PBXVariantGroup section */
		C461712E1FBC51FF002762BE /* Main.storyboard */ = {
			isa = PBXVariantGroup;
			children = (
				C461712F1FBC51FF002762BE /* Base */,
			);
			name = Main.storyboard;
			sourceTree = "<group>";
		};
/* End PBXVariantGroup section */

/* Begin XCBuildConfiguration section */
		C46171491FBC51FF002762BE /* Debug */ = {
			isa = XCBuildConfiguration;
			buildSettings = {
				ALWAYS_SEARCH_USER_PATHS = NO;
				CLANG_ANALYZER_NONNULL = YES;
				CLANG_ANALYZER_NUMBER_OBJECT_CONVERSION = YES_AGGRESSIVE;
				CLANG_CXX_LANGUAGE_STANDARD = "gnu++14";
				CLANG_CXX_LIBRARY = "libc++";
				CLANG_ENABLE_MODULES = YES;
				CLANG_ENABLE_OBJC_ARC = YES;
				CLANG_WARN_BLOCK_CAPTURE_AUTORELEASING = YES;
				CLANG_WARN_BOOL_CONVERSION = YES;
				CLANG_WARN_COMMA = YES;
				CLANG_WARN_CONSTANT_CONVERSION = YES;
				CLANG_WARN_DIRECT_OBJC_ISA_USAGE = YES_ERROR;
				CLANG_WARN_DOCUMENTATION_COMMENTS = YES;
				CLANG_WARN_EMPTY_BODY = YES;
				CLANG_WARN_ENUM_CONVERSION = YES;
				CLANG_WARN_INFINITE_RECURSION = YES;
				CLANG_WARN_INT_CONVERSION = YES;
				CLANG_WARN_NON_LITERAL_NULL_CONVERSION = YES;
				CLANG_WARN_OBJC_LITERAL_CONVERSION = YES;
				CLANG_WARN_OBJC_ROOT_CLASS = YES_ERROR;
				CLANG_WARN_RANGE_LOOP_ANALYSIS = YES;
				CLANG_WARN_STRICT_PROTOTYPES = YES;
				CLANG_WARN_SUSPICIOUS_MOVE = YES;
				CLANG_WARN_UNGUARDED_AVAILABILITY = YES_AGGRESSIVE;
				CLANG_WARN_UNREACHABLE_CODE = YES;
				CLANG_WARN__DUPLICATE_METHOD_MATCH = YES;
				CODE_SIGN_IDENTITY = "-";
				COPY_PHASE_STRIP = NO;
				DEBUG_INFORMATION_FORMAT = dwarf;
				ENABLE_STRICT_OBJC_MSGSEND = YES;
				ENABLE_TESTABILITY = YES;
				GCC_C_LANGUAGE_STANDARD = gnu11;
				GCC_DYNAMIC_NO_PIC = NO;
				GCC_NO_COMMON_BLOCKS = YES;
				GCC_OPTIMIZATION_LEVEL = 0;
				GCC_PREPROCESSOR_DEFINITIONS = (
					"DEBUG=1",
					"$(inherited)",
				);
				GCC_WARN_64_TO_32_BIT_CONVERSION = YES;
				GCC_WARN_ABOUT_RETURN_TYPE = YES_ERROR;
				GCC_WARN_UNDECLARED_SELECTOR = YES;
				GCC_WARN_UNINITIALIZED_AUTOS = YES_AGGRESSIVE;
				GCC_WARN_UNUSED_FUNCTION = YES;
				GCC_WARN_UNUSED_VARIABLE = YES;
				MACOSX_DEPLOYMENT_TARGET = 10.13;
				MTL_ENABLE_DEBUG_INFO = YES;
				ONLY_ACTIVE_ARCH = YES;
				SDKROOT = macosx;
				SWIFT_ACTIVE_COMPILATION_CONDITIONS = DEBUG;
				SWIFT_OPTIMIZATION_LEVEL = "-Onone";
			};
			name = Debug;
		};
		C461714A1FBC51FF002762BE /* Release */ = {
			isa = XCBuildConfiguration;
			buildSettings = {
				ALWAYS_SEARCH_USER_PATHS = NO;
				CLANG_ANALYZER_NONNULL = YES;
				CLANG_ANALYZER_NUMBER_OBJECT_CONVERSION = YES_AGGRESSIVE;
				CLANG_CXX_LANGUAGE_STANDARD = "gnu++14";
				CLANG_CXX_LIBRARY = "libc++";
				CLANG_ENABLE_MODULES = YES;
				CLANG_ENABLE_OBJC_ARC = YES;
				CLANG_WARN_BLOCK_CAPTURE_AUTORELEASING = YES;
				CLANG_WARN_BOOL_CONVERSION = YES;
				CLANG_WARN_COMMA = YES;
				CLANG_WARN_CONSTANT_CONVERSION = YES;
				CLANG_WARN_DIRECT_OBJC_ISA_USAGE = YES_ERROR;
				CLANG_WARN_DOCUMENTATION_COMMENTS = YES;
				CLANG_WARN_EMPTY_BODY = YES;
				CLANG_WARN_ENUM_CONVERSION = YES;
				CLANG_WARN_INFINITE_RECURSION = YES;
				CLANG_WARN_INT_CONVERSION = YES;
				CLANG_WARN_NON_LITERAL_NULL_CONVERSION = YES;
				CLANG_WARN_OBJC_LITERAL_CONVERSION = YES;
				CLANG_WARN_OBJC_ROOT_CLASS = YES_ERROR;
				CLANG_WARN_RANGE_LOOP_ANALYSIS = YES;
				CLANG_WARN_STRICT_PROTOTYPES = YES;
				CLANG_WARN_SUSPICIOUS_MOVE = YES;
				CLANG_WARN_UNGUARDED_AVAILABILITY = YES_AGGRESSIVE;
				CLANG_WARN_UNREACHABLE_CODE = YES;
				CLANG_WARN__DUPLICATE_METHOD_MATCH = YES;
				CODE_SIGN_IDENTITY = "-";
				COPY_PHASE_STRIP = NO;
				DEBUG_INFORMATION_FORMAT = "dwarf-with-dsym";
				ENABLE_NS_ASSERTIONS = NO;
				ENABLE_STRICT_OBJC_MSGSEND = YES;
				GCC_C_LANGUAGE_STANDARD = gnu11;
				GCC_NO_COMMON_BLOCKS = YES;
				GCC_WARN_64_TO_32_BIT_CONVERSION = YES;
				GCC_WARN_ABOUT_RETURN_TYPE = YES_ERROR;
				GCC_WARN_UNDECLARED_SELECTOR = YES;
				GCC_WARN_UNINITIALIZED_AUTOS = YES_AGGRESSIVE;
				GCC_WARN_UNUSED_FUNCTION = YES;
				GCC_WARN_UNUSED_VARIABLE = YES;
				MACOSX_DEPLOYMENT_TARGET = 10.13;
				MTL_ENABLE_DEBUG_INFO = NO;
				SDKROOT = macosx;
				SWIFT_OPTIMIZATION_LEVEL = "-Owholemodule";
			};
			name = Release;
		};
		C461714C1FBC51FF002762BE /* Debug */ = {
			isa = XCBuildConfiguration;
			buildSettings = {
				ASSETCATALOG_COMPILER_APPICON_NAME = AppIcon;
				CODE_SIGN_ENTITLEMENTS = Xcode8GitExample/Xcode8GitExample.entitlements;
				CODE_SIGN_STYLE = Automatic;
				COMBINE_HIDPI_IMAGES = YES;
				INFOPLIST_FILE = Xcode8GitExample/Info.plist;
				LD_RUNPATH_SEARCH_PATHS = "$(inherited) @executable_path/../Frameworks";
				PRODUCT_BUNDLE_IDENTIFIER = com.santucci.Xcode8GitExample;
				PRODUCT_NAME = "$(TARGET_NAME)";
				SWIFT_VERSION = 4.0;
			};
			name = Debug;
		};
		C461714D1FBC51FF002762BE /* Release */ = {
			isa = XCBuildConfiguration;
			buildSettings = {
				ASSETCATALOG_COMPILER_APPICON_NAME = AppIcon;
				CODE_SIGN_ENTITLEMENTS = Xcode8GitExample/Xcode8GitExample.entitlements;
				CODE_SIGN_STYLE = Automatic;
				COMBINE_HIDPI_IMAGES = YES;
				INFOPLIST_FILE = Xcode8GitExample/Info.plist;
				LD_RUNPATH_SEARCH_PATHS = "$(inherited) @executable_path/../Frameworks";
				PRODUCT_BUNDLE_IDENTIFIER = com.santucci.Xcode8GitExample;
				PRODUCT_NAME = "$(TARGET_NAME)";
				SWIFT_VERSION = 4.0;
			};
			name = Release;
		};
		C461714F1FBC51FF002762BE /* Debug */ = {
			isa = XCBuildConfiguration;
			buildSettings = {
				ALWAYS_EMBED_SWIFT_STANDARD_LIBRARIES = YES;
				BUNDLE_LOADER = "$(TEST_HOST)";
				CODE_SIGN_STYLE = Automatic;
				COMBINE_HIDPI_IMAGES = YES;
				INFOPLIST_FILE = Xcode8GitExampleTests/Info.plist;
				LD_RUNPATH_SEARCH_PATHS = "$(inherited) @executable_path/../Frameworks @loader_path/../Frameworks";
				PRODUCT_BUNDLE_IDENTIFIER = com.santucci.Xcode8GitExampleTests;
				PRODUCT_NAME = "$(TARGET_NAME)";
				SWIFT_VERSION = 4.0;
				TEST_HOST = "$(BUILT_PRODUCTS_DIR)/Xcode8GitExample.app/Contents/MacOS/Xcode8GitExample";
			};
			name = Debug;
		};
		C46171501FBC51FF002762BE /* Release */ = {
			isa = XCBuildConfiguration;
			buildSettings = {
				ALWAYS_EMBED_SWIFT_STANDARD_LIBRARIES = YES;
				BUNDLE_LOADER = "$(TEST_HOST)";
				CODE_SIGN_STYLE = Automatic;
				COMBINE_HIDPI_IMAGES = YES;
				INFOPLIST_FILE = Xcode8GitExampleTests/Info.plist;
				LD_RUNPATH_SEARCH_PATHS = "$(inherited) @executable_path/../Frameworks @loader_path/../Frameworks";
				PRODUCT_BUNDLE_IDENTIFIER = com.santucci.Xcode8GitExampleTests;
				PRODUCT_NAME = "$(TARGET_NAME)";
				SWIFT_VERSION = 4.0;
				TEST_HOST = "$(BUILT_PRODUCTS_DIR)/Xcode8GitExample.app/Contents/MacOS/Xcode8GitExample";
			};
			name = Release;
		};
		C46171521FBC51FF002762BE /* Debug */ = {
			isa = XCBuildConfiguration;
			buildSettings = {
				ALWAYS_EMBED_SWIFT_STANDARD_LIBRARIES = YES;
				CODE_SIGN_STYLE = Automatic;
				COMBINE_HIDPI_IMAGES = YES;
				INFOPLIST_FILE = Xcode8GitExampleUITests/Info.plist;
				LD_RUNPATH_SEARCH_PATHS = "$(inherited) @executable_path/../Frameworks @loader_path/../Frameworks";
				PRODUCT_BUNDLE_IDENTIFIER = com.santucci.Xcode8GitExampleUITests;
				PRODUCT_NAME = "$(TARGET_NAME)";
				SWIFT_VERSION = 4.0;
				TEST_TARGET_NAME = Xcode8GitExample;
			};
			name = Debug;
		};
		C46171531FBC51FF002762BE /* Release */ = {
			isa = XCBuildConfiguration;
			buildSettings = {
				ALWAYS_EMBED_SWIFT_STANDARD_LIBRARIES = YES;
				CODE_SIGN_STYLE = Automatic;
				COMBINE_HIDPI_IMAGES = YES;
				INFOPLIST_FILE = Xcode8GitExampleUITests/Info.plist;
				LD_RUNPATH_SEARCH_PATHS = "$(inherited) @executable_path/../Frameworks @loader_path/../Frameworks";
				PRODUCT_BUNDLE_IDENTIFIER = com.santucci.Xcode8GitExampleUITests;
				PRODUCT_NAME = "$(TARGET_NAME)";
				SWIFT_VERSION = 4.0;
				TEST_TARGET_NAME = Xcode8GitExample;
			};
			name = Release;
		};
/* End XCBuildConfiguration section */

/* Begin XCConfigurationList section */
		C46171201FBC51FF002762BE /* Build configuration list for PBXProject "Xcode8GitExample" */ = {
			isa = XCConfigurationList;
			buildConfigurations = (
				C46171491FBC51FF002762BE /* Debug */,
				C461714A1FBC51FF002762BE /* Release */,
			);
			defaultConfigurationIsVisible = 0;
			defaultConfigurationName = Release;
		};
		C461714B1FBC51FF002762BE /* Build configuration list for PBXNativeTarget "Xcode8GitExample" */ = {
			isa = XCConfigurationList;
			buildConfigurations = (
				C461714C1FBC51FF002762BE /* Debug */,
				C461714D1FBC51FF002762BE /* Release */,
			);
			defaultConfigurationIsVisible = 0;
			defaultConfigurationName = Release;
		};
		C461714E1FBC51FF002762BE /* Build configuration list for PBXNativeTarget "Xcode8GitExampleTests" */ = {
			isa = XCConfigurationList;
			buildConfigurations = (
				C461714F1FBC51FF002762BE /* Debug */,
				C46171501FBC51FF002762BE /* Release */,
			);
			defaultConfigurationIsVisible = 0;
			defaultConfigurationName = Release;
		};
		C46171511FBC51FF002762BE /* Build configuration list for PBXNativeTarget "Xcode8GitExampleUITests" */ = {
			isa = XCConfigurationList;
			buildConfigurations = (
				C46171521FBC51FF002762BE /* Debug */,
				C46171531FBC51FF002762BE /* Release */,
			);
			defaultConfigurationIsVisible = 0;
			defaultConfigurationName = Release;
		};
/* End XCConfigurationList section */
	};
	rootObject = C461711D1FBC51FF002762BE /* Project object */;
}
